
Microsoft Visual Studio Solution File, Format Version 9.00
# Visual Studio 2005
Project("{FAE04EC0-301F-11D3-BF4B-00C04F79EFBC}") = "ConquistadorGame", "ConquistadorGame\ConquistadorGame.csproj", "{548FEFD9-76A6-49B2-AAC7-1291D58DF96B}"
EndProject
Project("{FAE04EC0-301F-11D3-BF4B-00C04F79EFBC}") = "GameObjects", "GameObjects\GameObjects.csproj", "{428AD3E4-B479-4336-9862-1C20A8546A54}"
EndProject
Global
	GlobalSection(SolutionConfigurationPlatforms) = preSolution
		Debug|Any CPU = Debug|Any CPU
		Release|Any CPU = Release|Any CPU
	EndGlobalSection
	GlobalSection(ProjectConfigurationPlatforms) = postSolution
		{548FEFD9-76A6-49B2-AAC7-1291D58DF96B}.Debug|Any CPU.ActiveCfg = Debug|Any CPU
		{548FEFD9-76A6-49B2-AAC7-1291D58DF96B}.Debug|Any CPU.Build.0 = Debug|Any CPU
		{548FEFD9-76A6-49B2-AAC7-1291D58DF96B}.Release|Any CPU.ActiveCfg = Release|Any CPU
		{548FEFD9-76A6-49B2-AAC7-1291D58DF96B}.Release|Any CPU.Build.0 = Release|Any CPU
		{428AD3E4-B479-4336-9862-1C20A8546A54}.Debug|Any CPU.ActiveCfg = Debug|Any CPU
		{428AD3E4-B479-4336-9862-1C20A8546A54}.Debug|Any CPU.Build.0 = Debug|Any CPU
		{428AD3E4-B479-4336-9862-1C20A8546A54}.Release|Any CPU.ActiveCfg = Release|Any CPU
		{428AD3E4-B479-4336-9862-1C20A8546A54}.Release|Any CPU.Build.0 = Release|Any CPU
	EndGlobalSection
	GlobalSection(SolutionProperties) = preSolution
		HideSolutionNode = FALSE
	EndGlobalSection
EndGlobal
